
Microsoft Visual Studio Solution File, Format Version 12.00
# Visual Studio Version 17
VisualStudioVersion = 17.0.31903.59
MinimumVisualStudioVersion = 10.0.40219.1
Project("{2150E333-8FDC-42A3-9474-1A3956D46DE8}") = "src", "src", "{6A20BFA7-8DD3-4625-B210-50637B4F1000}"
EndProject
Project("{9A19103F-16F7-4668-BE54-9A1E7A4F7556}") = "SpiderLightning", "src\Spiderlightning\SpiderLightning.csproj", "{7DE85B03-6436-4044-BB8F-E58E3D147CFF}"
EndProject
Project("{2150E333-8FDC-42A3-9474-1A3956D46DE8}") = "sample", "sample", "{483920C5-5704-4FA1-AC37-E6E52000C63F}"
EndProject
Project("{9A19103F-16F7-4668-BE54-9A1E7A4F7556}") = "ConsoleApp", "sample\ConsoleApp\ConsoleApp.csproj", "{A0E2F946-32C5-4A4E-99BF-64D1AE8CA61F}"
EndProject
Project("{9A19103F-16F7-4668-BE54-9A1E7A4F7556}") = "WebServer", "sample\WebServer\WebServer.csproj", "{A1BB1137-7201-4DDD-9C0C-C83DDCEFE583}"
EndProject
Global
	GlobalSection(SolutionConfigurationPlatforms) = preSolution
		Debug|Any CPU = Debug|Any CPU
		Release|Any CPU = Release|Any CPU
	EndGlobalSection
	GlobalSection(ProjectConfigurationPlatforms) = postSolution
		{7DE85B03-6436-4044-BB8F-E58E3D147CFF}.Debug|Any CPU.ActiveCfg = Debug|Any CPU
		{7DE85B03-6436-4044-BB8F-E58E3D147CFF}.Debug|Any CPU.Build.0 = Debug|Any CPU
		{7DE85B03-6436-4044-BB8F-E58E3D147CFF}.Release|Any CPU.ActiveCfg = Release|Any CPU
		{7DE85B03-6436-4044-BB8F-E58E3D147CFF}.Release|Any CPU.Build.0 = Release|Any CPU
		{A0E2F946-32C5-4A4E-99BF-64D1AE8CA61F}.Debug|Any CPU.ActiveCfg = Debug|Any CPU
		{A0E2F946-32C5-4A4E-99BF-64D1AE8CA61F}.Debug|Any CPU.Build.0 = Debug|Any CPU
		{A0E2F946-32C5-4A4E-99BF-64D1AE8CA61F}.Release|Any CPU.ActiveCfg = Release|Any CPU
		{A0E2F946-32C5-4A4E-99BF-64D1AE8CA61F}.Release|Any CPU.Build.0 = Release|Any CPU
		{A1BB1137-7201-4DDD-9C0C-C83DDCEFE583}.Debug|Any CPU.ActiveCfg = Debug|Any CPU
		{A1BB1137-7201-4DDD-9C0C-C83DDCEFE583}.Debug|Any CPU.Build.0 = Debug|Any CPU
		{A1BB1137-7201-4DDD-9C0C-C83DDCEFE583}.Release|Any CPU.ActiveCfg = Release|Any CPU
		{A1BB1137-7201-4DDD-9C0C-C83DDCEFE583}.Release|Any CPU.Build.0 = Release|Any CPU
	EndGlobalSection
	GlobalSection(SolutionProperties) = preSolution
		HideSolutionNode = FALSE
	EndGlobalSection
	GlobalSection(NestedProjects) = preSolution
		{7DE85B03-6436-4044-BB8F-E58E3D147CFF} = {6A20BFA7-8DD3-4625-B210-50637B4F1000}
		{A0E2F946-32C5-4A4E-99BF-64D1AE8CA61F} = {483920C5-5704-4FA1-AC37-E6E52000C63F}
		{A1BB1137-7201-4DDD-9C0C-C83DDCEFE583} = {483920C5-5704-4FA1-AC37-E6E52000C63F}
	EndGlobalSection
EndGlobal
